
Microsoft Visual Studio Solution File, Format Version 12.00
# Visual Studio Version 17
VisualStudioVersion = 17.2.32526.322
MinimumVisualStudioVersion = 10.0.40219.1
Project("{9A19103F-16F7-4668-BE54-9A1E7A4F7556}") = "CapacityPlanner", "CapacityPlanner\CapacityPlanner.csproj", "{E86CDD56-CED8-48D2-A471-0AD2B513F36F}"
EndProject
Project("{E53339B2-1760-4266-BCC7-CA923CBCF16C}") = "docker-compose", "docker-compose.dcproj", "{C3CC27D6-1F94-4222-BBE8-C98F80EA1DAD}"
EndProject
Project("{9A19103F-16F7-4668-BE54-9A1E7A4F7556}") = "HotelCatalog", "HotelCatalog\HotelCatalog.csproj", "{954D9A27-E82E-4303-968E-129EBDEFA4E1}"
EndProject
Project("{9A19103F-16F7-4668-BE54-9A1E7A4F7556}") = "Rater", "Rater\Rater.csproj", "{58DD55BA-F782-44FA-BCFB-EFBAF1B234F5}"
EndProject
Project("{2150E333-8FDC-42A3-9474-1A3956D46DE8}") = "src", "src", "{4F8ACBCE-2F75-4891-81A8-5F89B340382F}"
EndProject
Project("{2150E333-8FDC-42A3-9474-1A3956D46DE8}") = "dapper", "dapper", "{61818005-9B99-449E-9013-1E617FF61C26}"
EndProject
Project("{2150E333-8FDC-42A3-9474-1A3956D46DE8}") = "components", "components", "{890A39B0-DD6C-4F44-9140-794E06EAC851}"
	ProjectSection(SolutionItems) = preProject
		..\dapr\components\azureservicebus-pubsub.yaml = ..\dapr\components\azureservicebus-pubsub.yaml
		..\dapr\components\cosmosdb-state.yaml = ..\dapr\components\cosmosdb-state.yaml
		..\dapr\components\local-secret-store.yaml = ..\dapr\components\local-secret-store.yaml
		..\dapr\components\mystatestore.yaml = ..\dapr\components\mystatestore.yaml
		..\dapr\components\rater-cron.yaml = ..\dapr\components\rater-cron.yaml
		..\dapr\components\redis-statestore.yaml = ..\dapr\components\redis-statestore.yaml
		..\dapr\components\resiliency.yaml = ..\dapr\components\resiliency.yaml
		..\dapr\components\sendgrid.yaml = ..\dapr\components\sendgrid.yaml
	EndProjectSection
EndProject
Project("{2150E333-8FDC-42A3-9474-1A3956D46DE8}") = "configuration", "configuration", "{14C084F5-9C1E-4FFA-AC33-A7D69C9C1372}"
	ProjectSection(SolutionItems) = preProject
		..\dapr\configuration\configuration.yaml = ..\dapr\configuration\configuration.yaml
	EndProjectSection
EndProject
Project("{2150E333-8FDC-42A3-9474-1A3956D46DE8}") = "deploy", "deploy", "{02839A9D-65B7-43DF-A587-705D47E9B5D0}"
EndProject
Project("{2150E333-8FDC-42A3-9474-1A3956D46DE8}") = "workflows", "workflows", "{4E17147F-62DA-4C0B-8721-379F736EC609}"
	ProjectSection(SolutionItems) = preProject
		..\.github\workflows\capacityplanner.yml = ..\.github\workflows\capacityplanner.yml
		..\.github\workflows\catalog.yml = ..\.github\workflows\catalog.yml
		..\.github\workflows\environment.yml = ..\.github\workflows\environment.yml
		..\.github\workflows\rater.yml = ..\.github\workflows\rater.yml
	EndProjectSection
EndProject
Project("{2150E333-8FDC-42A3-9474-1A3956D46DE8}") = "arm", "arm", "{947FC20F-49CF-4584-9F45-3E8EE9158F7A}"
	ProjectSection(SolutionItems) = preProject
		..\deploy\deploy-app-capacityplanner.json = ..\deploy\deploy-app-capacityplanner.json
		..\deploy\deploy-app-catalog.json = ..\deploy\deploy-app-catalog.json
		..\deploy\deploy-app-rater.json = ..\deploy\deploy-app-rater.json
		..\deploy\deploy-env-components.json = ..\deploy\deploy-env-components.json
		..\deploy\deploy-redis-search.json = ..\deploy\deploy-redis-search.json
	EndProjectSection
EndProject
Global
	GlobalSection(SolutionConfigurationPlatforms) = preSolution
		Debug|Any CPU = Debug|Any CPU
		Release|Any CPU = Release|Any CPU
	EndGlobalSection
	GlobalSection(ProjectConfigurationPlatforms) = postSolution
		{E86CDD56-CED8-48D2-A471-0AD2B513F36F}.Debug|Any CPU.ActiveCfg = Debug|Any CPU
		{E86CDD56-CED8-48D2-A471-0AD2B513F36F}.Debug|Any CPU.Build.0 = Debug|Any CPU
		{E86CDD56-CED8-48D2-A471-0AD2B513F36F}.Release|Any CPU.ActiveCfg = Release|Any CPU
		{E86CDD56-CED8-48D2-A471-0AD2B513F36F}.Release|Any CPU.Build.0 = Release|Any CPU
		{C3CC27D6-1F94-4222-BBE8-C98F80EA1DAD}.Debug|Any CPU.ActiveCfg = Debug|Any CPU
		{C3CC27D6-1F94-4222-BBE8-C98F80EA1DAD}.Debug|Any CPU.Build.0 = Debug|Any CPU
		{C3CC27D6-1F94-4222-BBE8-C98F80EA1DAD}.Release|Any CPU.ActiveCfg = Release|Any CPU
		{C3CC27D6-1F94-4222-BBE8-C98F80EA1DAD}.Release|Any CPU.Build.0 = Release|Any CPU
		{954D9A27-E82E-4303-968E-129EBDEFA4E1}.Debug|Any CPU.ActiveCfg = Debug|Any CPU
		{954D9A27-E82E-4303-968E-129EBDEFA4E1}.Debug|Any CPU.Build.0 = Debug|Any CPU
		{954D9A27-E82E-4303-968E-129EBDEFA4E1}.Release|Any CPU.ActiveCfg = Release|Any CPU
		{954D9A27-E82E-4303-968E-129EBDEFA4E1}.Release|Any CPU.Build.0 = Release|Any CPU
		{58DD55BA-F782-44FA-BCFB-EFBAF1B234F5}.Debug|Any CPU.ActiveCfg = Debug|Any CPU
		{58DD55BA-F782-44FA-BCFB-EFBAF1B234F5}.Debug|Any CPU.Build.0 = Debug|Any CPU
		{58DD55BA-F782-44FA-BCFB-EFBAF1B234F5}.Release|Any CPU.ActiveCfg = Release|Any CPU
		{58DD55BA-F782-44FA-BCFB-EFBAF1B234F5}.Release|Any CPU.Build.0 = Release|Any CPU
	EndGlobalSection
	GlobalSection(SolutionProperties) = preSolution
		HideSolutionNode = FALSE
	EndGlobalSection
	GlobalSection(NestedProjects) = preSolution
		{E86CDD56-CED8-48D2-A471-0AD2B513F36F} = {4F8ACBCE-2F75-4891-81A8-5F89B340382F}
		{954D9A27-E82E-4303-968E-129EBDEFA4E1} = {4F8ACBCE-2F75-4891-81A8-5F89B340382F}
		{58DD55BA-F782-44FA-BCFB-EFBAF1B234F5} = {4F8ACBCE-2F75-4891-81A8-5F89B340382F}
		{890A39B0-DD6C-4F44-9140-794E06EAC851} = {61818005-9B99-449E-9013-1E617FF61C26}
		{14C084F5-9C1E-4FFA-AC33-A7D69C9C1372} = {61818005-9B99-449E-9013-1E617FF61C26}
		{4E17147F-62DA-4C0B-8721-379F736EC609} = {02839A9D-65B7-43DF-A587-705D47E9B5D0}
		{947FC20F-49CF-4584-9F45-3E8EE9158F7A} = {02839A9D-65B7-43DF-A587-705D47E9B5D0}
	EndGlobalSection
	GlobalSection(ExtensibilityGlobals) = postSolution
		SolutionGuid = {607FD946-9908-43BD-BA18-68E56F2C10BE}
	EndGlobalSection
EndGlobal
